
Microsoft Visual Studio Solution File, Format Version 12.00
# Visual Studio Version 17
VisualStudioVersion = 17.2.32526.322
MinimumVisualStudioVersion = 10.0.40219.1
Project("{FAE04EC0-301F-11D3-BF4B-00C04F79EFBC}") = "lab8", "lab8\lab8.csproj", "{07AD0ABE-B32E-4BC2-9F6E-7E48B686FE14}"
EndProject
Global
	GlobalSection(SolutionConfigurationPlatforms) = preSolution
		Debug|Any CPU = Debug|Any CPU
		Release|Any CPU = Release|Any CPU
	EndGlobalSection
	GlobalSection(ProjectConfigurationPlatforms) = postSolution
		{07AD0ABE-B32E-4BC2-9F6E-7E48B686FE14}.Debug|Any CPU.ActiveCfg = Debug|Any CPU
		{07AD0ABE-B32E-4BC2-9F6E-7E48B686FE14}.Debug|Any CPU.Build.0 = Debug|Any CPU
		{07AD0ABE-B32E-4BC2-9F6E-7E48B686FE14}.Release|Any CPU.ActiveCfg = Release|Any CPU
		{07AD0ABE-B32E-4BC2-9F6E-7E48B686FE14}.Release|Any CPU.Build.0 = Release|Any CPU
	EndGlobalSection
	GlobalSection(SolutionProperties) = preSolution
		HideSolutionNode = FALSE
	EndGlobalSection
	GlobalSection(ExtensibilityGlobals) = postSolution
		SolutionGuid = {8D9B8ACB-B2C8-477D-88FB-AB21A9EB4BF2}
	EndGlobalSection
EndGlobal
